
Microsoft Visual Studio Solution File, Format Version 12.00
# Visual Studio Version 17
VisualStudioVersion = 17.11.35222.181
MinimumVisualStudioVersion = 10.0.40219.1
Project("{FAE04EC0-301F-11D3-BF4B-00C04F79EFBC}") = "DotNetAnalyzers", "DotNetAnalyzers\DotNetAnalyzers.csproj", "{B93510A1-0DFB-4F75-B0C6-1730C8BBF403}"
EndProject
Global
	GlobalSection(SolutionConfigurationPlatforms) = preSolution
		Debug|Any CPU = Debug|Any CPU
		Release|Any CPU = Release|Any CPU
	EndGlobalSection
	GlobalSection(ProjectConfigurationPlatforms) = postSolution
		{B93510A1-0DFB-4F75-B0C6-1730C8BBF403}.Debug|Any CPU.ActiveCfg = Debug|Any CPU
		{B93510A1-0DFB-4F75-B0C6-1730C8BBF403}.Debug|Any CPU.Build.0 = Debug|Any CPU
		{B93510A1-0DFB-4F75-B0C6-1730C8BBF403}.Release|Any CPU.ActiveCfg = Release|Any CPU
		{B93510A1-0DFB-4F75-B0C6-1730C8BBF403}.Release|Any CPU.Build.0 = Release|Any CPU
	EndGlobalSection
	GlobalSection(SolutionProperties) = preSolution
		HideSolutionNode = FALSE
	EndGlobalSection
	GlobalSection(ExtensibilityGlobals) = postSolution
		SolutionGuid = {02234371-33FC-4BF3-8391-18C67B0E443C}
	EndGlobalSection
EndGlobal
